
Microsoft Visual Studio Solution File, Format Version 12.00
# Visual Studio 15
VisualStudioVersion = 15.0.26124.0
MinimumVisualStudioVersion = 15.0.26124.0
Project("{F2A71F9B-5D33-465A-A702-920D77279786}") = "Task21", "Task21\Task21.fsproj", "{E747D1FA-1366-48E4-8620-DAB3090F47D6}"
EndProject
Project("{F2A71F9B-5D33-465A-A702-920D77279786}") = "Task22", "Task22\Task22.fsproj", "{5141C3D0-D514-411C-AC1E-C5BD7C5EDC3A}"
EndProject
Project("{F2A71F9B-5D33-465A-A702-920D77279786}") = "Task23", "Task23\Task23.fsproj", "{06957CBD-033B-4810-8642-78F7C00B4B8D}"
EndProject
Project("{F2A71F9B-5D33-465A-A702-920D77279786}") = "Task21.Tests", "Task21.Tests\Task21.Tests.fsproj", "{F9285F6B-2757-4317-81C4-5EF06CF73CB9}"
EndProject
Project("{F2A71F9B-5D33-465A-A702-920D77279786}") = "Task22.Tests", "Task22.Tests\Task22.Tests.fsproj", "{13FC6E44-DDAE-4508-90B8-99782E992CD8}"
EndProject
Project("{F2A71F9B-5D33-465A-A702-920D77279786}") = "Task23.Tests", "Task23.Tests\Task23.Tests.fsproj", "{7C8EB4EC-BE22-49CB-965B-1DBEB3D89596}"
EndProject
Global
	GlobalSection(SolutionConfigurationPlatforms) = preSolution
		Debug|Any CPU = Debug|Any CPU
		Debug|x64 = Debug|x64
		Debug|x86 = Debug|x86
		Release|Any CPU = Release|Any CPU
		Release|x64 = Release|x64
		Release|x86 = Release|x86
	EndGlobalSection
	GlobalSection(SolutionProperties) = preSolution
		HideSolutionNode = FALSE
	EndGlobalSection
	GlobalSection(ProjectConfigurationPlatforms) = postSolution
		{E747D1FA-1366-48E4-8620-DAB3090F47D6}.Debug|Any CPU.ActiveCfg = Debug|Any CPU
		{E747D1FA-1366-48E4-8620-DAB3090F47D6}.Debug|Any CPU.Build.0 = Debug|Any CPU
		{E747D1FA-1366-48E4-8620-DAB3090F47D6}.Debug|x64.ActiveCfg = Debug|Any CPU
		{E747D1FA-1366-48E4-8620-DAB3090F47D6}.Debug|x64.Build.0 = Debug|Any CPU
		{E747D1FA-1366-48E4-8620-DAB3090F47D6}.Debug|x86.ActiveCfg = Debug|Any CPU
		{E747D1FA-1366-48E4-8620-DAB3090F47D6}.Debug|x86.Build.0 = Debug|Any CPU
		{E747D1FA-1366-48E4-8620-DAB3090F47D6}.Release|Any CPU.ActiveCfg = Release|Any CPU
		{E747D1FA-1366-48E4-8620-DAB3090F47D6}.Release|Any CPU.Build.0 = Release|Any CPU
		{E747D1FA-1366-48E4-8620-DAB3090F47D6}.Release|x64.ActiveCfg = Release|Any CPU
		{E747D1FA-1366-48E4-8620-DAB3090F47D6}.Release|x64.Build.0 = Release|Any CPU
		{E747D1FA-1366-48E4-8620-DAB3090F47D6}.Release|x86.ActiveCfg = Release|Any CPU
		{E747D1FA-1366-48E4-8620-DAB3090F47D6}.Release|x86.Build.0 = Release|Any CPU
		{F9285F6B-2757-4317-81C4-5EF06CF73CB9}.Debug|Any CPU.ActiveCfg = Debug|Any CPU
		{F9285F6B-2757-4317-81C4-5EF06CF73CB9}.Debug|Any CPU.Build.0 = Debug|Any CPU
		{F9285F6B-2757-4317-81C4-5EF06CF73CB9}.Debug|x64.ActiveCfg = Debug|Any CPU
		{F9285F6B-2757-4317-81C4-5EF06CF73CB9}.Debug|x64.Build.0 = Debug|Any CPU
		{F9285F6B-2757-4317-81C4-5EF06CF73CB9}.Debug|x86.ActiveCfg = Debug|Any CPU
		{F9285F6B-2757-4317-81C4-5EF06CF73CB9}.Debug|x86.Build.0 = Debug|Any CPU
		{F9285F6B-2757-4317-81C4-5EF06CF73CB9}.Release|Any CPU.ActiveCfg = Release|Any CPU
		{F9285F6B-2757-4317-81C4-5EF06CF73CB9}.Release|Any CPU.Build.0 = Release|Any CPU
		{F9285F6B-2757-4317-81C4-5EF06CF73CB9}.Release|x64.ActiveCfg = Release|Any CPU
		{F9285F6B-2757-4317-81C4-5EF06CF73CB9}.Release|x64.Build.0 = Release|Any CPU
		{F9285F6B-2757-4317-81C4-5EF06CF73CB9}.Release|x86.ActiveCfg = Release|Any CPU
		{F9285F6B-2757-4317-81C4-5EF06CF73CB9}.Release|x86.Build.0 = Release|Any CPU
		{06957CBD-033B-4810-8642-78F7C00B4B8D}.Debug|Any CPU.ActiveCfg = Debug|Any CPU
		{06957CBD-033B-4810-8642-78F7C00B4B8D}.Debug|Any CPU.Build.0 = Debug|Any CPU
		{06957CBD-033B-4810-8642-78F7C00B4B8D}.Debug|x64.ActiveCfg = Debug|Any CPU
		{06957CBD-033B-4810-8642-78F7C00B4B8D}.Debug|x64.Build.0 = Debug|Any CPU
		{06957CBD-033B-4810-8642-78F7C00B4B8D}.Debug|x86.ActiveCfg = Debug|Any CPU
		{06957CBD-033B-4810-8642-78F7C00B4B8D}.Debug|x86.Build.0 = Debug|Any CPU
		{06957CBD-033B-4810-8642-78F7C00B4B8D}.Release|Any CPU.ActiveCfg = Release|Any CPU
		{06957CBD-033B-4810-8642-78F7C00B4B8D}.Release|Any CPU.Build.0 = Release|Any CPU
		{06957CBD-033B-4810-8642-78F7C00B4B8D}.Release|x64.ActiveCfg = Release|Any CPU
		{06957CBD-033B-4810-8642-78F7C00B4B8D}.Release|x64.Build.0 = Release|Any CPU
		{06957CBD-033B-4810-8642-78F7C00B4B8D}.Release|x86.ActiveCfg = Release|Any CPU
		{06957CBD-033B-4810-8642-78F7C00B4B8D}.Release|x86.Build.0 = Release|Any CPU
		{5141C3D0-D514-411C-AC1E-C5BD7C5EDC3A}.Debug|Any CPU.ActiveCfg = Debug|Any CPU
		{5141C3D0-D514-411C-AC1E-C5BD7C5EDC3A}.Debug|Any CPU.Build.0 = Debug|Any CPU
		{5141C3D0-D514-411C-AC1E-C5BD7C5EDC3A}.Debug|x64.ActiveCfg = Debug|Any CPU
		{5141C3D0-D514-411C-AC1E-C5BD7C5EDC3A}.Debug|x64.Build.0 = Debug|Any CPU
		{5141C3D0-D514-411C-AC1E-C5BD7C5EDC3A}.Debug|x86.ActiveCfg = Debug|Any CPU
		{5141C3D0-D514-411C-AC1E-C5BD7C5EDC3A}.Debug|x86.Build.0 = Debug|Any CPU
		{5141C3D0-D514-411C-AC1E-C5BD7C5EDC3A}.Release|Any CPU.ActiveCfg = Release|Any CPU
		{5141C3D0-D514-411C-AC1E-C5BD7C5EDC3A}.Release|Any CPU.Build.0 = Release|Any CPU
		{5141C3D0-D514-411C-AC1E-C5BD7C5EDC3A}.Release|x64.ActiveCfg = Release|Any CPU
		{5141C3D0-D514-411C-AC1E-C5BD7C5EDC3A}.Release|x64.Build.0 = Release|Any CPU
		{5141C3D0-D514-411C-AC1E-C5BD7C5EDC3A}.Release|x86.ActiveCfg = Release|Any CPU
		{5141C3D0-D514-411C-AC1E-C5BD7C5EDC3A}.Release|x86.Build.0 = Release|Any CPU
		{13FC6E44-DDAE-4508-90B8-99782E992CD8}.Debug|Any CPU.ActiveCfg = Debug|Any CPU
		{13FC6E44-DDAE-4508-90B8-99782E992CD8}.Debug|Any CPU.Build.0 = Debug|Any CPU
		{13FC6E44-DDAE-4508-90B8-99782E992CD8}.Debug|x64.ActiveCfg = Debug|Any CPU
		{13FC6E44-DDAE-4508-90B8-99782E992CD8}.Debug|x64.Build.0 = Debug|Any CPU
		{13FC6E44-DDAE-4508-90B8-99782E992CD8}.Debug|x86.ActiveCfg = Debug|Any CPU
		{13FC6E44-DDAE-4508-90B8-99782E992CD8}.Debug|x86.Build.0 = Debug|Any CPU
		{13FC6E44-DDAE-4508-90B8-99782E992CD8}.Release|Any CPU.ActiveCfg = Release|Any CPU
		{13FC6E44-DDAE-4508-90B8-99782E992CD8}.Release|Any CPU.Build.0 = Release|Any CPU
		{13FC6E44-DDAE-4508-90B8-99782E992CD8}.Release|x64.ActiveCfg = Release|Any CPU
		{13FC6E44-DDAE-4508-90B8-99782E992CD8}.Release|x64.Build.0 = Release|Any CPU
		{13FC6E44-DDAE-4508-90B8-99782E992CD8}.Release|x86.ActiveCfg = Release|Any CPU
		{13FC6E44-DDAE-4508-90B8-99782E992CD8}.Release|x86.Build.0 = Release|Any CPU
		{7C8EB4EC-BE22-49CB-965B-1DBEB3D89596}.Debug|Any CPU.ActiveCfg = Debug|Any CPU
		{7C8EB4EC-BE22-49CB-965B-1DBEB3D89596}.Debug|Any CPU.Build.0 = Debug|Any CPU
		{7C8EB4EC-BE22-49CB-965B-1DBEB3D89596}.Debug|x64.ActiveCfg = Debug|Any CPU
		{7C8EB4EC-BE22-49CB-965B-1DBEB3D89596}.Debug|x64.Build.0 = Debug|Any CPU
		{7C8EB4EC-BE22-49CB-965B-1DBEB3D89596}.Debug|x86.ActiveCfg = Debug|Any CPU
		{7C8EB4EC-BE22-49CB-965B-1DBEB3D89596}.Debug|x86.Build.0 = Debug|Any CPU
		{7C8EB4EC-BE22-49CB-965B-1DBEB3D89596}.Release|Any CPU.ActiveCfg = Release|Any CPU
		{7C8EB4EC-BE22-49CB-965B-1DBEB3D89596}.Release|Any CPU.Build.0 = Release|Any CPU
		{7C8EB4EC-BE22-49CB-965B-1DBEB3D89596}.Release|x64.ActiveCfg = Release|Any CPU
		{7C8EB4EC-BE22-49CB-965B-1DBEB3D89596}.Release|x64.Build.0 = Release|Any CPU
		{7C8EB4EC-BE22-49CB-965B-1DBEB3D89596}.Release|x86.ActiveCfg = Release|Any CPU
		{7C8EB4EC-BE22-49CB-965B-1DBEB3D89596}.Release|x86.Build.0 = Release|Any CPU
	EndGlobalSection
EndGlobal
